
Microsoft Visual Studio Solution File, Format Version 12.00
# Visual Studio 15
VisualStudioVersion = 15.0.27130.2027
MinimumVisualStudioVersion = 10.0.40219.1
Project("{FAE04EC0-301F-11D3-BF4B-00C04F79EFBC}") = "Kanal Programı", "Kanal Programı\Kanal Programı.csproj", "{6BD9C071-2F16-494D-AED2-B075F792F23B}"
EndProject
Global
	GlobalSection(SolutionConfigurationPlatforms) = preSolution
		Debug|Any CPU = Debug|Any CPU
		Release|Any CPU = Release|Any CPU
	EndGlobalSection
	GlobalSection(ProjectConfigurationPlatforms) = postSolution
		{6BD9C071-2F16-494D-AED2-B075F792F23B}.Debug|Any CPU.ActiveCfg = Debug|Any CPU
		{6BD9C071-2F16-494D-AED2-B075F792F23B}.Debug|Any CPU.Build.0 = Debug|Any CPU
		{6BD9C071-2F16-494D-AED2-B075F792F23B}.Release|Any CPU.ActiveCfg = Release|Any CPU
		{6BD9C071-2F16-494D-AED2-B075F792F23B}.Release|Any CPU.Build.0 = Release|Any CPU
	EndGlobalSection
	GlobalSection(SolutionProperties) = preSolution
		HideSolutionNode = FALSE
	EndGlobalSection
	GlobalSection(ExtensibilityGlobals) = postSolution
		SolutionGuid = {21CDD435-8589-458E-8F2D-840D819EF34C}
	EndGlobalSection
EndGlobal
